
Microsoft Visual Studio Solution File, Format Version 12.00
# Visual Studio Version 17
VisualStudioVersion = 17.11.35312.102
MinimumVisualStudioVersion = 10.0.40219.1
Project("{FAE04EC0-301F-11D3-BF4B-00C04F79EFBC}") = "hw_pol", "hw_pol\hw_pol.csproj", "{2A9AF04F-09F6-4521-8C88-9D70B9123F74}"
EndProject
Project("{FAE04EC0-301F-11D3-BF4B-00C04F79EFBC}") = "2task", "2task\2task.csproj", "{217D8D61-0AF1-4B1E-97FD-BEC04E6D75B3}"
EndProject
Project("{FAE04EC0-301F-11D3-BF4B-00C04F79EFBC}") = "3task", "3task\3task.csproj", "{2331EA13-B69C-4CC2-B6AC-6482C8C68268}"
EndProject
Global
	GlobalSection(SolutionConfigurationPlatforms) = preSolution
		Debug|Any CPU = Debug|Any CPU
		Release|Any CPU = Release|Any CPU
	EndGlobalSection
	GlobalSection(ProjectConfigurationPlatforms) = postSolution
		{2A9AF04F-09F6-4521-8C88-9D70B9123F74}.Debug|Any CPU.ActiveCfg = Debug|Any CPU
		{2A9AF04F-09F6-4521-8C88-9D70B9123F74}.Debug|Any CPU.Build.0 = Debug|Any CPU
		{2A9AF04F-09F6-4521-8C88-9D70B9123F74}.Release|Any CPU.ActiveCfg = Release|Any CPU
		{2A9AF04F-09F6-4521-8C88-9D70B9123F74}.Release|Any CPU.Build.0 = Release|Any CPU
		{217D8D61-0AF1-4B1E-97FD-BEC04E6D75B3}.Debug|Any CPU.ActiveCfg = Debug|Any CPU
		{217D8D61-0AF1-4B1E-97FD-BEC04E6D75B3}.Debug|Any CPU.Build.0 = Debug|Any CPU
		{217D8D61-0AF1-4B1E-97FD-BEC04E6D75B3}.Release|Any CPU.ActiveCfg = Release|Any CPU
		{217D8D61-0AF1-4B1E-97FD-BEC04E6D75B3}.Release|Any CPU.Build.0 = Release|Any CPU
		{2331EA13-B69C-4CC2-B6AC-6482C8C68268}.Debug|Any CPU.ActiveCfg = Debug|Any CPU
		{2331EA13-B69C-4CC2-B6AC-6482C8C68268}.Debug|Any CPU.Build.0 = Debug|Any CPU
		{2331EA13-B69C-4CC2-B6AC-6482C8C68268}.Release|Any CPU.ActiveCfg = Release|Any CPU
		{2331EA13-B69C-4CC2-B6AC-6482C8C68268}.Release|Any CPU.Build.0 = Release|Any CPU
	EndGlobalSection
	GlobalSection(SolutionProperties) = preSolution
		HideSolutionNode = FALSE
	EndGlobalSection
	GlobalSection(ExtensibilityGlobals) = postSolution
		SolutionGuid = {A5C3AF05-AB7A-496E-B8CB-A39121DFC294}
	EndGlobalSection
EndGlobal
